
Microsoft Visual Studio Solution File, Format Version 12.00
# Visual Studio 15
VisualStudioVersion = 15.0.26228.12
MinimumVisualStudioVersion = 10.0.40219.1
Project("{FAE04EC0-301F-11D3-BF4B-00C04F79EFBC}") = "Raspberry.Esb", "Raspberry.Esb\Raspberry.Esb.csproj", "{08723045-7E6B-4513-95DB-56C87772139F}"
EndProject
Project("{FAE04EC0-301F-11D3-BF4B-00C04F79EFBC}") = "Raspberry.Testing", "Raspberry.Testing\Raspberry.Testing.csproj", "{EFF219BE-CF20-4E0B-9DD9-667F201637D6}"
EndProject
Project("{FAE04EC0-301F-11D3-BF4B-00C04F79EFBC}") = "Raspberry.Helper", "Raspberry.Helper\Raspberry.Helper.csproj", "{60D43D82-3D7D-43BC-B5A1-429B6E7F9DF2}"
EndProject
Project("{FAE04EC0-301F-11D3-BF4B-00C04F79EFBC}") = "Bmf.Shared", "Bmf.Shared\Bmf.Shared.csproj", "{28014FEA-C453-4F3F-9BC8-802E69822165}"
EndProject
Global
	GlobalSection(SolutionConfigurationPlatforms) = preSolution
		Debug|Any CPU = Debug|Any CPU
		Release|Any CPU = Release|Any CPU
	EndGlobalSection
	GlobalSection(ProjectConfigurationPlatforms) = postSolution
		{08723045-7E6B-4513-95DB-56C87772139F}.Debug|Any CPU.ActiveCfg = Debug|Any CPU
		{08723045-7E6B-4513-95DB-56C87772139F}.Debug|Any CPU.Build.0 = Debug|Any CPU
		{08723045-7E6B-4513-95DB-56C87772139F}.Release|Any CPU.ActiveCfg = Release|Any CPU
		{08723045-7E6B-4513-95DB-56C87772139F}.Release|Any CPU.Build.0 = Release|Any CPU
		{EFF219BE-CF20-4E0B-9DD9-667F201637D6}.Debug|Any CPU.ActiveCfg = Debug|Any CPU
		{EFF219BE-CF20-4E0B-9DD9-667F201637D6}.Debug|Any CPU.Build.0 = Debug|Any CPU
		{EFF219BE-CF20-4E0B-9DD9-667F201637D6}.Release|Any CPU.ActiveCfg = Release|Any CPU
		{EFF219BE-CF20-4E0B-9DD9-667F201637D6}.Release|Any CPU.Build.0 = Release|Any CPU
		{60D43D82-3D7D-43BC-B5A1-429B6E7F9DF2}.Debug|Any CPU.ActiveCfg = Debug|Any CPU
		{60D43D82-3D7D-43BC-B5A1-429B6E7F9DF2}.Debug|Any CPU.Build.0 = Debug|Any CPU
		{60D43D82-3D7D-43BC-B5A1-429B6E7F9DF2}.Release|Any CPU.ActiveCfg = Release|Any CPU
		{60D43D82-3D7D-43BC-B5A1-429B6E7F9DF2}.Release|Any CPU.Build.0 = Release|Any CPU
		{28014FEA-C453-4F3F-9BC8-802E69822165}.Debug|Any CPU.ActiveCfg = Debug|Any CPU
		{28014FEA-C453-4F3F-9BC8-802E69822165}.Debug|Any CPU.Build.0 = Debug|Any CPU
		{28014FEA-C453-4F3F-9BC8-802E69822165}.Release|Any CPU.ActiveCfg = Release|Any CPU
		{28014FEA-C453-4F3F-9BC8-802E69822165}.Release|Any CPU.Build.0 = Release|Any CPU
	EndGlobalSection
	GlobalSection(SolutionProperties) = preSolution
		HideSolutionNode = FALSE
	EndGlobalSection
EndGlobal
